
Microsoft Visual Studio Solution File, Format Version 12.00
# Visual Studio Version 16
VisualStudioVersion = 16.0.31605.320
MinimumVisualStudioVersion = 10.0.40219.1
Project("{FAE04EC0-301F-11D3-BF4B-00C04F79EFBC}") = "XMEDIACORPWEB", "XMEDIACORPWEB\XMEDIACORPWEB.csproj", "{9EF4D79A-110C-45D2-9271-0013BDC0355D}"
EndProject
Project("{FAE04EC0-301F-11D3-BF4B-00C04F79EFBC}") = "DataAccess", "DataAccess\DataAccess.csproj", "{E4CDA62E-31E6-4FDE-A11A-FD2AA0F91D7F}"
EndProject
Project("{FAE04EC0-301F-11D3-BF4B-00C04F79EFBC}") = "BusinessModel", "BusinessModel\BusinessModel.csproj", "{2AB7149A-16C1-4715-BAB8-05FE1A3100D2}"
EndProject
Project("{FAE04EC0-301F-11D3-BF4B-00C04F79EFBC}") = "BusinessLogic", "BusinessLogic\BusinessLogic.csproj", "{AE7DE66E-20BC-4CBC-9FC0-56C8DDDFFE4D}"
EndProject
Global
	GlobalSection(SolutionConfigurationPlatforms) = preSolution
		Debug|Any CPU = Debug|Any CPU
		Release|Any CPU = Release|Any CPU
	EndGlobalSection
	GlobalSection(ProjectConfigurationPlatforms) = postSolution
		{9EF4D79A-110C-45D2-9271-0013BDC0355D}.Debug|Any CPU.ActiveCfg = Debug|Any CPU
		{9EF4D79A-110C-45D2-9271-0013BDC0355D}.Debug|Any CPU.Build.0 = Debug|Any CPU
		{9EF4D79A-110C-45D2-9271-0013BDC0355D}.Release|Any CPU.ActiveCfg = Release|Any CPU
		{9EF4D79A-110C-45D2-9271-0013BDC0355D}.Release|Any CPU.Build.0 = Release|Any CPU
		{E4CDA62E-31E6-4FDE-A11A-FD2AA0F91D7F}.Debug|Any CPU.ActiveCfg = Debug|Any CPU
		{E4CDA62E-31E6-4FDE-A11A-FD2AA0F91D7F}.Debug|Any CPU.Build.0 = Debug|Any CPU
		{E4CDA62E-31E6-4FDE-A11A-FD2AA0F91D7F}.Release|Any CPU.ActiveCfg = Release|Any CPU
		{E4CDA62E-31E6-4FDE-A11A-FD2AA0F91D7F}.Release|Any CPU.Build.0 = Release|Any CPU
		{2AB7149A-16C1-4715-BAB8-05FE1A3100D2}.Debug|Any CPU.ActiveCfg = Debug|Any CPU
		{2AB7149A-16C1-4715-BAB8-05FE1A3100D2}.Debug|Any CPU.Build.0 = Debug|Any CPU
		{2AB7149A-16C1-4715-BAB8-05FE1A3100D2}.Release|Any CPU.ActiveCfg = Release|Any CPU
		{2AB7149A-16C1-4715-BAB8-05FE1A3100D2}.Release|Any CPU.Build.0 = Release|Any CPU
		{AE7DE66E-20BC-4CBC-9FC0-56C8DDDFFE4D}.Debug|Any CPU.ActiveCfg = Debug|Any CPU
		{AE7DE66E-20BC-4CBC-9FC0-56C8DDDFFE4D}.Debug|Any CPU.Build.0 = Debug|Any CPU
		{AE7DE66E-20BC-4CBC-9FC0-56C8DDDFFE4D}.Release|Any CPU.ActiveCfg = Release|Any CPU
		{AE7DE66E-20BC-4CBC-9FC0-56C8DDDFFE4D}.Release|Any CPU.Build.0 = Release|Any CPU
	EndGlobalSection
	GlobalSection(SolutionProperties) = preSolution
		HideSolutionNode = FALSE
	EndGlobalSection
	GlobalSection(ExtensibilityGlobals) = postSolution
		SolutionGuid = {097B58CA-A921-4911-B4C8-43B33E549213}
	EndGlobalSection
EndGlobal
